
Microsoft Visual Studio Solution File, Format Version 12.00
# Visual Studio Version 17
VisualStudioVersion = 17.0.31903.59
MinimumVisualStudioVersion = 10.0.40219.1
Project("{FAE04EC0-301F-11D3-BF4B-00C04F79EFBC}") = "newyt.web", "newyt.web\newyt.web.csproj", "{0ADD95A2-5C95-4D65-A447-0F3C7DD5D3DF}"
EndProject
Project("{FAE04EC0-301F-11D3-BF4B-00C04F79EFBC}") = "newyt.console", "newyt.console\newyt.console.csproj", "{ADC1C5AF-6C1E-429A-856F-E0BC19651923}"
EndProject
Project("{FAE04EC0-301F-11D3-BF4B-00C04F79EFBC}") = "newyt.shared", "newyt.shared\newyt.shared.csproj", "{D0FC74E4-759E-466E-A84B-7DE97FD382B9}"
EndProject
Global
	GlobalSection(SolutionConfigurationPlatforms) = preSolution
		Debug|Any CPU = Debug|Any CPU
		Debug|x64 = Debug|x64
		Debug|x86 = Debug|x86
		Release|Any CPU = Release|Any CPU
		Release|x64 = Release|x64
		Release|x86 = Release|x86
	EndGlobalSection
	GlobalSection(ProjectConfigurationPlatforms) = postSolution
		{0ADD95A2-5C95-4D65-A447-0F3C7DD5D3DF}.Debug|Any CPU.ActiveCfg = Debug|Any CPU
		{0ADD95A2-5C95-4D65-A447-0F3C7DD5D3DF}.Debug|Any CPU.Build.0 = Debug|Any CPU
		{0ADD95A2-5C95-4D65-A447-0F3C7DD5D3DF}.Debug|x64.ActiveCfg = Debug|Any CPU
		{0ADD95A2-5C95-4D65-A447-0F3C7DD5D3DF}.Debug|x64.Build.0 = Debug|Any CPU
		{0ADD95A2-5C95-4D65-A447-0F3C7DD5D3DF}.Debug|x86.ActiveCfg = Debug|Any CPU
		{0ADD95A2-5C95-4D65-A447-0F3C7DD5D3DF}.Debug|x86.Build.0 = Debug|Any CPU
		{0ADD95A2-5C95-4D65-A447-0F3C7DD5D3DF}.Release|Any CPU.ActiveCfg = Release|Any CPU
		{0ADD95A2-5C95-4D65-A447-0F3C7DD5D3DF}.Release|Any CPU.Build.0 = Release|Any CPU
		{0ADD95A2-5C95-4D65-A447-0F3C7DD5D3DF}.Release|x64.ActiveCfg = Release|Any CPU
		{0ADD95A2-5C95-4D65-A447-0F3C7DD5D3DF}.Release|x64.Build.0 = Release|Any CPU
		{0ADD95A2-5C95-4D65-A447-0F3C7DD5D3DF}.Release|x86.ActiveCfg = Release|Any CPU
		{0ADD95A2-5C95-4D65-A447-0F3C7DD5D3DF}.Release|x86.Build.0 = Release|Any CPU
		{ADC1C5AF-6C1E-429A-856F-E0BC19651923}.Debug|Any CPU.ActiveCfg = Debug|Any CPU
		{ADC1C5AF-6C1E-429A-856F-E0BC19651923}.Debug|Any CPU.Build.0 = Debug|Any CPU
		{ADC1C5AF-6C1E-429A-856F-E0BC19651923}.Debug|x64.ActiveCfg = Debug|Any CPU
		{ADC1C5AF-6C1E-429A-856F-E0BC19651923}.Debug|x64.Build.0 = Debug|Any CPU
		{ADC1C5AF-6C1E-429A-856F-E0BC19651923}.Debug|x86.ActiveCfg = Debug|Any CPU
		{ADC1C5AF-6C1E-429A-856F-E0BC19651923}.Debug|x86.Build.0 = Debug|Any CPU
		{ADC1C5AF-6C1E-429A-856F-E0BC19651923}.Release|Any CPU.ActiveCfg = Release|Any CPU
		{ADC1C5AF-6C1E-429A-856F-E0BC19651923}.Release|Any CPU.Build.0 = Release|Any CPU
		{ADC1C5AF-6C1E-429A-856F-E0BC19651923}.Release|x64.ActiveCfg = Release|Any CPU
		{ADC1C5AF-6C1E-429A-856F-E0BC19651923}.Release|x64.Build.0 = Release|Any CPU
		{ADC1C5AF-6C1E-429A-856F-E0BC19651923}.Release|x86.ActiveCfg = Release|Any CPU
		{ADC1C5AF-6C1E-429A-856F-E0BC19651923}.Release|x86.Build.0 = Release|Any CPU
		{D0FC74E4-759E-466E-A84B-7DE97FD382B9}.Debug|Any CPU.ActiveCfg = Debug|Any CPU
		{D0FC74E4-759E-466E-A84B-7DE97FD382B9}.Debug|Any CPU.Build.0 = Debug|Any CPU
		{D0FC74E4-759E-466E-A84B-7DE97FD382B9}.Debug|x64.ActiveCfg = Debug|Any CPU
		{D0FC74E4-759E-466E-A84B-7DE97FD382B9}.Debug|x64.Build.0 = Debug|Any CPU
		{D0FC74E4-759E-466E-A84B-7DE97FD382B9}.Debug|x86.ActiveCfg = Debug|Any CPU
		{D0FC74E4-759E-466E-A84B-7DE97FD382B9}.Debug|x86.Build.0 = Debug|Any CPU
		{D0FC74E4-759E-466E-A84B-7DE97FD382B9}.Release|Any CPU.ActiveCfg = Release|Any CPU
		{D0FC74E4-759E-466E-A84B-7DE97FD382B9}.Release|Any CPU.Build.0 = Release|Any CPU
		{D0FC74E4-759E-466E-A84B-7DE97FD382B9}.Release|x64.ActiveCfg = Release|Any CPU
		{D0FC74E4-759E-466E-A84B-7DE97FD382B9}.Release|x64.Build.0 = Release|Any CPU
		{D0FC74E4-759E-466E-A84B-7DE97FD382B9}.Release|x86.ActiveCfg = Release|Any CPU
		{D0FC74E4-759E-466E-A84B-7DE97FD382B9}.Release|x86.Build.0 = Release|Any CPU
	EndGlobalSection
	GlobalSection(SolutionProperties) = preSolution
		HideSolutionNode = FALSE
	EndGlobalSection
EndGlobal
